<?xml version="1.0" encoding="utf-8"?>
<Project ToolsVersion="4.0" xmlns="http://schemas.microsoft.com/developer/msbuild/2003">
  <ItemGroup>
    <Filter Include="Source Files">
      <UniqueIdentifier>{4FC737F1-C7A5-4376-A066-2A32D752A2FF}</UniqueIdentifier>
      <Extensions>cpp;c;cc;cxx;def;odl;idl;hpj;bat;asm;asmx</Extensions>
    </Filter>
    <Filter Include="Header Files">
      <UniqueIdentifier>{93995380-89BD-4b04-88EB-625FBE52EBFB}</UniqueIdentifier>
      <Extensions>h;hh;hpp;hxx;hm;inl;inc;xsd</Extensions>
    </Filter>
    <Filter Include="Resource Files">
      <UniqueIdentifier>{67DA6AB6-F800-4c08-8B7A-83BB121AAD01}</UniqueIdentifier>
      <Extensions>rc;ico;cur;bmp;dlg;rc2;rct;bin;rgs;gif;jpg;jpeg;jpe;resx;tiff;tif;png;wav;mfcribbon-ms</Extensions>
    </Filter>
    <Filter Include="IO">
      <UniqueIdentifier>{f79816e3-7202-4529-94ef-e31d5420f1c7}</UniqueIdentifier>
    </Filter>
    <Filter Include="cpu">
      <UniqueIdentifier>{ac2f36ac-6fe6-463f-a637-92d199d0af61}</UniqueIdentifier>
    </Filter>
    <Filter Include="Disam">
      <UniqueIdentifier>{7a385a4f-e88c-4b65-a3a0-6d1fd0c16c8a}</UniqueIdentifier>
    </Filter>
  </ItemGroup>
  <ItemGroup>
    <Text Include="ReadMe.txt" />
  </ItemGroup>
  <ItemGroup>
    <ClInclude Include="stdafx.h">
      <Filter>Header Files</Filter>
    </ClInclude>
    <ClInclude Include="targetver.h">
      <Filter>Header Files</Filter>
    </ClInclude>
    <ClInclude Include="Resource.h">
      <Filter>Header Files</Filter>
    </ClInclude>
    <ClInclude Include="MV.h">
      <Filter>Header Files</Filter>
    </ClInclude>
    <ClInclude Include="IO\Display.h">
      <Filter>IO</Filter>
    </ClInclude>
    <ClInclude Include="IO\DMA.h">
      <Filter>IO</Filter>
    </ClInclude>
    <ClInclude Include="IO\Floppy.h">
      <Filter>IO</Filter>
    </ClInclude>
    <ClInclude Include="IO\HardDisk.h">
      <Filter>IO</Filter>
    </ClInclude>
    <ClInclude Include="IO\KeyBoard.h">
      <Filter>IO</Filter>
    </ClInclude>
    <ClInclude Include="IO\PIC.h">
      <Filter>IO</Filter>
    </ClInclude>
    <ClInclude Include="IO\Printer.h">
      <Filter>IO</Filter>
    </ClInclude>
    <ClInclude Include="IO\RTC.h">
      <Filter>IO</Filter>
    </ClInclude>
    <ClInclude Include="IO\Serial.h">
      <Filter>IO</Filter>
    </ClInclude>
    <ClInclude Include="IO\SystemTimer.h">
      <Filter>IO</Filter>
    </ClInclude>
    <ClInclude Include="cpu\cpu.h">
      <Filter>cpu</Filter>
    </ClInclude>
    <ClInclude Include="cpu\Instruction.h">
      <Filter>cpu</Filter>
    </ClInclude>
    <ClInclude Include="MyVm.h">
      <Filter>Header Files</Filter>
    </ClInclude>
    <ClInclude Include="Disam\libdasm.h">
      <Filter>Disam</Filter>
    </ClInclude>
    <ClInclude Include="disamDetect.h">
      <Filter>Disam</Filter>
    </ClInclude>
  </ItemGroup>
  <ItemGroup>
    <ClCompile Include="stdafx.cpp">
      <Filter>Source Files</Filter>
    </ClCompile>
    <ClCompile Include="IO\Display.cpp">
      <Filter>IO</Filter>
    </ClCompile>
    <ClCompile Include="IO\DMA.cpp">
      <Filter>IO</Filter>
    </ClCompile>
    <ClCompile Include="IO\Floppy.cpp">
      <Filter>IO</Filter>
    </ClCompile>
    <ClCompile Include="IO\HardDisk.cpp">
      <Filter>IO</Filter>
    </ClCompile>
    <ClCompile Include="IO\KeyBoard.cpp">
      <Filter>IO</Filter>
    </ClCompile>
    <ClCompile Include="IO\PIC.cpp">
      <Filter>IO</Filter>
    </ClCompile>
    <ClCompile Include="IO\Printer.cpp">
      <Filter>IO</Filter>
    </ClCompile>
    <ClCompile Include="IO\RTC.cpp">
      <Filter>IO</Filter>
    </ClCompile>
    <ClCompile Include="IO\Serial.cpp">
      <Filter>IO</Filter>
    </ClCompile>
    <ClCompile Include="IO\SystemTimer.cpp">
      <Filter>IO</Filter>
    </ClCompile>
    <ClCompile Include="cpu\cpu.cpp">
      <Filter>cpu</Filter>
    </ClCompile>
    <ClCompile Include="cpu\Instruction.cpp">
      <Filter>cpu</Filter>
    </ClCompile>
    <ClCompile Include="MyVM.cpp">
      <Filter>Source Files</Filter>
    </ClCompile>
    <ClCompile Include="Disam\libdasm.c">
      <Filter>Disam</Filter>
    </ClCompile>
    <ClCompile Include="disamDetect.cpp">
      <Filter>Disam</Filter>
    </ClCompile>
  </ItemGroup>
  <ItemGroup>
    <ResourceCompile Include="MV.rc">
      <Filter>Resource Files</Filter>
    </ResourceCompile>
  </ItemGroup>
  <ItemGroup>
    <Image Include="small.ico">
      <Filter>Resource Files</Filter>
    </Image>
    <Image Include="MV.ico">
      <Filter>Resource Files</Filter>
    </Image>
  </ItemGroup>
</Project>